# This file is automatically @generated by Poetry 1.4.1 and should not be changed by hand.

[[package]]
name = "pymgclient"
version = "1.3.1"
description = "Memgraph database adapter for Python language"
category = "main"
optional = false
python-versions = ">=3.6"
files = [
    {file = "pymgclient-1.3.1-cp310-cp310-macosx_10_15_x86_64.whl", hash = "sha256:6d013f878658296c3e8b360f0be41b9741907249874bcb30ef17fd0481d595d5"},
    {file = "pymgclient-1.3.1-cp310-cp310-macosx_11_0_arm64.whl", hash = "sha256:b6b5c6a1eda2f7178befe6c7ad9d31ba14845e672f3ef20ddb9ff46424b893ab"},
    {file = "pymgclient-1.3.1-cp310-cp310-win_amd64.whl", hash = "sha256:af8edb3f5e57a6f35d6ec68dc147949ecdcc2020a910f7f961957fd224dcf235"},
    {file = "pymgclient-1.3.1-cp37-cp37m-macosx_10_15_x86_64.whl", hash = "sha256:ed8cf8eeb31319f6f4a76c59f90de68a7a004daae801d6f1eee20fc067230383"},
    {file = "pymgclient-1.3.1-cp37-cp37m-win_amd64.whl", hash = "sha256:1abd8dc4efbd5efd5c7074dd2efa88e89443cec23d04dfec1e4f6ff36861c67b"},
    {file = "pymgclient-1.3.1-cp38-cp38-macosx_10_15_x86_64.whl", hash = "sha256:b340a8f4987ae0ef2e5d519232ad98d2baf8deb47e1720e487de646ddfb8253d"},
    {file = "pymgclient-1.3.1-cp38-cp38-macosx_11_0_arm64.whl", hash = "sha256:79463f3578f0c4194c2f8f8d9386173ab2149ad16a0075af0deab840fbf7c482"},
    {file = "pymgclient-1.3.1-cp38-cp38-win_amd64.whl", hash = "sha256:e30e03746b9a554b77801ac59ea0fd19fe85db11733d3350dfe1155f719c4e3a"},
    {file = "pymgclient-1.3.1-cp39-cp39-macosx_10_15_x86_64.whl", hash = "sha256:d08aef9bde5f89853cf028b72b547f364b797f5f2fd2d13510817b21d04d210d"},
    {file = "pymgclient-1.3.1-cp39-cp39-macosx_11_0_arm64.whl", hash = "sha256:91faadc50d54ac4707e3b3239f77101d6610494658b1a16ecb4ef8976bb9aa0e"},
    {file = "pymgclient-1.3.1-cp39-cp39-win_amd64.whl", hash = "sha256:1f9aec0deff251b4c7f7acd763caad193330a072ab29e090e2b60925439eb6da"},
    {file = "pymgclient-1.3.1.tar.gz", hash = "sha256:a409ee9c7ac714a96a86f9eeca9e71f19f36f11390b3fdbac447d65462e05037"},
]

[metadata]
lock-version = "2.0"
python-versions = "^3.10"
content-hash = "53be0b1ae7ba936bec05118fb3799635054e7ebb80b2867322d3b1fa9ea35929"
